
Microsoft Visual Studio Solution File, Format Version 12.00
# Visual Studio 15
VisualStudioVersion = 15.0.27004.2002
MinimumVisualStudioVersion = 10.0.40219.1
Project("{FAE04EC0-301F-11D3-BF4B-00C04F79EFBC}") = "frm_JogoVelha", "frm_JogoVelha\frm_JogoVelha.csproj", "{3D5EB871-4C8E-461B-9699-15C16F000251}"
EndProject
Global
	GlobalSection(SolutionConfigurationPlatforms) = preSolution
		Debug|Any CPU = Debug|Any CPU
		Release|Any CPU = Release|Any CPU
	EndGlobalSection
	GlobalSection(ProjectConfigurationPlatforms) = postSolution
		{3D5EB871-4C8E-461B-9699-15C16F000251}.Debug|Any CPU.ActiveCfg = Debug|Any CPU
		{3D5EB871-4C8E-461B-9699-15C16F000251}.Debug|Any CPU.Build.0 = Debug|Any CPU
		{3D5EB871-4C8E-461B-9699-15C16F000251}.Release|Any CPU.ActiveCfg = Release|Any CPU
		{3D5EB871-4C8E-461B-9699-15C16F000251}.Release|Any CPU.Build.0 = Release|Any CPU
	EndGlobalSection
	GlobalSection(SolutionProperties) = preSolution
		HideSolutionNode = FALSE
	EndGlobalSection
	GlobalSection(ExtensibilityGlobals) = postSolution
		SolutionGuid = {E72B7FD8-AD14-4ED1-B76E-C077F701B1D3}
	EndGlobalSection
EndGlobal
